// !$*UTF8*$!
{
	archiveVersion = 1;
	classes = {
	};
	objectVersion = 50;
	objects = {

/* Begin PBXBuildFile section */
		0436A28521FB13030097B804 /* AppDelegate.m in Sources */ = {isa = PBXBuildFile; fileRef = 0436A28421FB13030097B804 /* AppDelegate.m */; };
		0436A28821FB13030097B804 /* ViewController.m in Sources */ = {isa = PBXBuildFile; fileRef = 0436A28721FB13030097B804 /* ViewController.m */; };
		0436A28B21FB13030097B804 /* Main.storyboard in Resources */ = {isa = PBXBuildFile; fileRef = 0436A28921FB13030097B804 /* Main.storyboard */; };
		0436A28D21FB130C0097B804 /* Assets.xcassets in Resources */ = {isa = PBXBuildFile; fileRef = 0436A28C21FB130C0097B804 /* Assets.xcassets */; };
		0436A29021FB130C0097B804 /* LaunchScreen.storyboard in Resources */ = {isa = PBXBuildFile; fileRef = 0436A28E21FB130C0097B804 /* LaunchScreen.storyboard */; };
		0436A29321FB130C0097B804 /* main.m in Sources */ = {isa = PBXBuildFile; fileRef = 0436A29221FB130C0097B804 /* main.m */; };
		0436A29D21FB130C0097B804 /* LearnAnimationTests.m in Sources */ = {isa = PBXBuildFile; fileRef = 0436A29C21FB130C0097B804 /* LearnAnimationTests.m */; };
		0436A2A821FB130C0097B804 /* LearnAnimationUITests.m in Sources */ = {isa = PBXBuildFile; fileRef = 0436A2A721FB130C0097B804 /* LearnAnimationUITests.m */; };
		0436A2BF21FB17580097B804 /* BaseViewController.m in Sources */ = {isa = PBXBuildFile; fileRef = 0436A2BD21FB17580097B804 /* BaseViewController.m */; };
		0436A2C021FB17580097B804 /* BaseViewController.xib in Resources */ = {isa = PBXBuildFile; fileRef = 0436A2BE21FB17580097B804 /* BaseViewController.xib */; };
		0436A2CD21FBFF2D0097B804 /* CABasicAnimationViewController.m in Sources */ = {isa = PBXBuildFile; fileRef = 0436A2CB21FBFF2D0097B804 /* CABasicAnimationViewController.m */; };
		0436A2CE21FBFF2D0097B804 /* CABasicAnimationViewController.xib in Resources */ = {isa = PBXBuildFile; fileRef = 0436A2CC21FBFF2D0097B804 /* CABasicAnimationViewController.xib */; };
		0436A2D221FBFF4C0097B804 /* CASpringAnimationViewController.m in Sources */ = {isa = PBXBuildFile; fileRef = 0436A2D021FBFF4C0097B804 /* CASpringAnimationViewController.m */; };
		0436A2D321FBFF4C0097B804 /* CASpringAnimationViewController.xib in Resources */ = {isa = PBXBuildFile; fileRef = 0436A2D121FBFF4C0097B804 /* CASpringAnimationViewController.xib */; };
		0436A2D721FC020F0097B804 /* CAKeyFrameAnimationViewController.m in Sources */ = {isa = PBXBuildFile; fileRef = 0436A2D521FC020F0097B804 /* CAKeyFrameAnimationViewController.m */; };
		0436A2D821FC020F0097B804 /* CAKeyFrameAnimationViewController.xib in Resources */ = {isa = PBXBuildFile; fileRef = 0436A2D621FC020F0097B804 /* CAKeyFrameAnimationViewController.xib */; };
		0436A2DC21FC02260097B804 /* CATrainsitionViewController.m in Sources */ = {isa = PBXBuildFile; fileRef = 0436A2DA21FC02260097B804 /* CATrainsitionViewController.m */; };
		0436A2DD21FC02260097B804 /* CATrainsitionViewController.xib in Resources */ = {isa = PBXBuildFile; fileRef = 0436A2DB21FC02260097B804 /* CATrainsitionViewController.xib */; };
		0436A2E121FC02400097B804 /* CAAnimationGroupViewController.m in Sources */ = {isa = PBXBuildFile; fileRef = 0436A2DF21FC02400097B804 /* CAAnimationGroupViewController.m */; };
		0436A2E221FC02400097B804 /* CAAnimationGroupViewController.xib in Resources */ = {isa = PBXBuildFile; fileRef = 0436A2E021FC02400097B804 /* CAAnimationGroupViewController.xib */; };
		04641AA1221513F80018B135 /* UIAnimationViewController.m in Sources */ = {isa = PBXBuildFile; fileRef = 04641A9F221513F80018B135 /* UIAnimationViewController.m */; };
		04641AA2221513F80018B135 /* UIAnimationViewController.xib in Resources */ = {isa = PBXBuildFile; fileRef = 04641AA0221513F80018B135 /* UIAnimationViewController.xib */; };
/* End PBXBuildFile section */

/* Begin PBXContainerItemProxy section */
		0436A29921FB130C0097B804 /* PBXContainerItemProxy */ = {
			isa = PBXContainerItemProxy;
			containerPortal = 0436A27821FB13030097B804 /* Project object */;
			proxyType = 1;
			remoteGlobalIDString = 0436A27F21FB13030097B804;
			remoteInfo = LearnAnimation;
		};
		0436A2A421FB130C0097B804 /* PBXContainerItemProxy */ = {
			isa = PBXContainerItemProxy;
			containerPortal = 0436A27821FB13030097B804 /* Project object */;
			proxyType = 1;
			remoteGlobalIDString = 0436A27F21FB13030097B804;
			remoteInfo = LearnAnimation;
		};
/* End PBXContainerItemProxy section */

/* Begin PBXFileReference section */
		0436A28021FB13030097B804 /* LearnAnimation.app */ = {isa = PBXFileReference; explicitFileType = wrapper.application; includeInIndex = 0; path = LearnAnimation.app; sourceTree = BUILT_PRODUCTS_DIR; };
		0436A28321FB13030097B804 /* AppDelegate.h */ = {isa = PBXFileReference; lastKnownFileType = sourcecode.c.h; path = AppDelegate.h; sourceTree = "<group>"; };
		0436A28421FB13030097B804 /* AppDelegate.m */ = {isa = PBXFileReference; lastKnownFileType = sourcecode.c.objc; path = AppDelegate.m; sourceTree = "<group>"; };
		0436A28621FB13030097B804 /* ViewController.h */ = {isa = PBXFileReference; lastKnownFileType = sourcecode.c.h; path = ViewController.h; sourceTree = "<group>"; };
		0436A28721FB13030097B804 /* ViewController.m */ = {isa = PBXFileReference; lastKnownFileType = sourcecode.c.objc; path = ViewController.m; sourceTree = "<group>"; };
		0436A28A21FB13030097B804 /* Base */ = {isa = PBXFileReference; lastKnownFileType = file.storyboard; name = Base; path = Base.lproj/Main.storyboard; sourceTree = "<group>"; };
		0436A28C21FB130C0097B804 /* Assets.xcassets */ = {isa = PBXFileReference; lastKnownFileType = folder.assetcatalog; path = Assets.xcassets; sourceTree = "<group>"; };
		0436A28F21FB130C0097B804 /* Base */ = {isa = PBXFileReference; lastKnownFileType = file.storyboard; name = Base; path = Base.lproj/LaunchScreen.storyboard; sourceTree = "<group>"; };
		0436A29121FB130C0097B804 /* Info.plist */ = {isa = PBXFileReference; lastKnownFileType = text.plist.xml; path = Info.plist; sourceTree = "<group>"; };
		0436A29221FB130C0097B804 /* main.m */ = {isa = PBXFileReference; lastKnownFileType = sourcecode.c.objc; path = main.m; sourceTree = "<group>"; };
		0436A29821FB130C0097B804 /* LearnAnimationTests.xctest */ = {isa = PBXFileReference; explicitFileType = wrapper.cfbundle; includeInIndex = 0; path = LearnAnimationTests.xctest; sourceTree = BUILT_PRODUCTS_DIR; };
		0436A29C21FB130C0097B804 /* LearnAnimationTests.m */ = {isa = PBXFileReference; lastKnownFileType = sourcecode.c.objc; path = LearnAnimationTests.m; sourceTree = "<group>"; };
		0436A29E21FB130C0097B804 /* Info.plist */ = {isa = PBXFileReference; lastKnownFileType = text.plist.xml; path = Info.plist; sourceTree = "<group>"; };
		0436A2A321FB130C0097B804 /* LearnAnimationUITests.xctest */ = {isa = PBXFileReference; explicitFileType = wrapper.cfbundle; includeInIndex = 0; path = LearnAnimationUITests.xctest; sourceTree = BUILT_PRODUCTS_DIR; };
		0436A2A721FB130C0097B804 /* LearnAnimationUITests.m */ = {isa = PBXFileReference; lastKnownFileType = sourcecode.c.objc; path = LearnAnimationUITests.m; sourceTree = "<group>"; };
		0436A2A921FB130C0097B804 /* Info.plist */ = {isa = PBXFileReference; lastKnownFileType = text.plist.xml; path = Info.plist; sourceTree = "<group>"; };
		0436A2BC21FB17580097B804 /* BaseViewController.h */ = {isa = PBXFileReference; lastKnownFileType = sourcecode.c.h; path = BaseViewController.h; sourceTree = "<group>"; };
		0436A2BD21FB17580097B804 /* BaseViewController.m */ = {isa = PBXFileReference; lastKnownFileType = sourcecode.c.objc; path = BaseViewController.m; sourceTree = "<group>"; };
		0436A2BE21FB17580097B804 /* BaseViewController.xib */ = {isa = PBXFileReference; lastKnownFileType = file.xib; path = BaseViewController.xib; sourceTree = "<group>"; };
		0436A2C121FB177C0097B804 /* BaseViewControllerProtocol.h */ = {isa = PBXFileReference; lastKnownFileType = sourcecode.c.h; path = BaseViewControllerProtocol.h; sourceTree = "<group>"; };
		0436A2CA21FBFF2D0097B804 /* CABasicAnimationViewController.h */ = {isa = PBXFileReference; lastKnownFileType = sourcecode.c.h; path = CABasicAnimationViewController.h; sourceTree = "<group>"; };
		0436A2CB21FBFF2D0097B804 /* CABasicAnimationViewController.m */ = {isa = PBXFileReference; lastKnownFileType = sourcecode.c.objc; path = CABasicAnimationViewController.m; sourceTree = "<group>"; };
		0436A2CC21FBFF2D0097B804 /* CABasicAnimationViewController.xib */ = {isa = PBXFileReference; lastKnownFileType = file.xib; path = CABasicAnimationViewController.xib; sourceTree = "<group>"; };
		0436A2CF21FBFF4C0097B804 /* CASpringAnimationViewController.h */ = {isa = PBXFileReference; lastKnownFileType = sourcecode.c.h; path = CASpringAnimationViewController.h; sourceTree = "<group>"; };
		0436A2D021FBFF4C0097B804 /* CASpringAnimationViewController.m */ = {isa = PBXFileReference; lastKnownFileType = sourcecode.c.objc; path = CASpringAnimationViewController.m; sourceTree = "<group>"; };
		0436A2D121FBFF4C0097B804 /* CASpringAnimationViewController.xib */ = {isa = PBXFileReference; lastKnownFileType = file.xib; path = CASpringAnimationViewController.xib; sourceTree = "<group>"; };
		0436A2D421FC020F0097B804 /* CAKeyFrameAnimationViewController.h */ = {isa = PBXFileReference; lastKnownFileType = sourcecode.c.h; path = CAKeyFrameAnimationViewController.h; sourceTree = "<group>"; };
		0436A2D521FC020F0097B804 /* CAKeyFrameAnimationViewController.m */ = {isa = PBXFileReference; lastKnownFileType = sourcecode.c.objc; path = CAKeyFrameAnimationViewController.m; sourceTree = "<group>"; };
		0436A2D621FC020F0097B804 /* CAKeyFrameAnimationViewController.xib */ = {isa = PBXFileReference; lastKnownFileType = file.xib; path = CAKeyFrameAnimationViewController.xib; sourceTree = "<group>"; };
		0436A2D921FC02260097B804 /* CATrainsitionViewController.h */ = {isa = PBXFileReference; lastKnownFileType = sourcecode.c.h; path = CATrainsitionViewController.h; sourceTree = "<group>"; };
		0436A2DA21FC02260097B804 /* CATrainsitionViewController.m */ = {isa = PBXFileReference; lastKnownFileType = sourcecode.c.objc; path = CATrainsitionViewController.m; sourceTree = "<group>"; };
		0436A2DB21FC02260097B804 /* CATrainsitionViewController.xib */ = {isa = PBXFileReference; lastKnownFileType = file.xib; path = CATrainsitionViewController.xib; sourceTree = "<group>"; };
		0436A2DE21FC02400097B804 /* CAAnimationGroupViewController.h */ = {isa = PBXFileReference; lastKnownFileType = sourcecode.c.h; path = CAAnimationGroupViewController.h; sourceTree = "<group>"; };
		0436A2DF21FC02400097B804 /* CAAnimationGroupViewController.m */ = {isa = PBXFileReference; lastKnownFileType = sourcecode.c.objc; path = CAAnimationGroupViewController.m; sourceTree = "<group>"; };
		0436A2E021FC02400097B804 /* CAAnimationGroupViewController.xib */ = {isa = PBXFileReference; lastKnownFileType = file.xib; path = CAAnimationGroupViewController.xib; sourceTree = "<group>"; };
		04641A9E221513F80018B135 /* UIAnimationViewController.h */ = {isa = PBXFileReference; lastKnownFileType = sourcecode.c.h; path = UIAnimationViewController.h; sourceTree = "<group>"; };
		04641A9F221513F80018B135 /* UIAnimationViewController.m */ = {isa = PBXFileReference; lastKnownFileType = sourcecode.c.objc; path = UIAnimationViewController.m; sourceTree = "<group>"; };
		04641AA0221513F80018B135 /* UIAnimationViewController.xib */ = {isa = PBXFileReference; lastKnownFileType = file.xib; path = UIAnimationViewController.xib; sourceTree = "<group>"; };
/* End PBXFileReference section */

/* Begin PBXFrameworksBuildPhase section */
		0436A27D21FB13030097B804 /* Frameworks */ = {
			isa = PBXFrameworksBuildPhase;
			buildActionMask = 2147483647;
			files = (
			);
			runOnlyForDeploymentPostprocessing = 0;
		};
		0436A29521FB130C0097B804 /* Frameworks */ = {
			isa = PBXFrameworksBuildPhase;
			buildActionMask = 2147483647;
			files = (
			);
			runOnlyForDeploymentPostprocessing = 0;
		};
		0436A2A021FB130C0097B804 /* Frameworks */ = {
			isa = PBXFrameworksBuildPhase;
			buildActionMask = 2147483647;
			files = (
			);
			runOnlyForDeploymentPostprocessing = 0;
		};
/* End PBXFrameworksBuildPhase section */

/* Begin PBXGroup section */
		0436A27721FB13030097B804 = {
			isa = PBXGroup;
			children = (
				0436A28221FB13030097B804 /* LearnAnimation */,
				0436A29B21FB130C0097B804 /* LearnAnimationTests */,
				0436A2A621FB130C0097B804 /* LearnAnimationUITests */,
				0436A28121FB13030097B804 /* Products */,
			);
			sourceTree = "<group>";
		};
		0436A28121FB13030097B804 /* Products */ = {
			isa = PBXGroup;
			children = (
				0436A28021FB13030097B804 /* LearnAnimation.app */,
				0436A29821FB130C0097B804 /* LearnAnimationTests.xctest */,
				0436A2A321FB130C0097B804 /* LearnAnimationUITests.xctest */,
			);
			name = Products;
			sourceTree = "<group>";
		};
		0436A28221FB13030097B804 /* LearnAnimation */ = {
			isa = PBXGroup;
			children = (
				04641A9D221513BB0018B135 /* UIAnimation */,
				0436A2C221FBF34C0097B804 /* CAAnimation */,
				0436A2BB21FB173D0097B804 /* Base */,
				0436A28321FB13030097B804 /* AppDelegate.h */,
				0436A28421FB13030097B804 /* AppDelegate.m */,
				0436A28621FB13030097B804 /* ViewController.h */,
				0436A28721FB13030097B804 /* ViewController.m */,
				0436A28921FB13030097B804 /* Main.storyboard */,
				0436A28C21FB130C0097B804 /* Assets.xcassets */,
				0436A28E21FB130C0097B804 /* LaunchScreen.storyboard */,
				0436A29121FB130C0097B804 /* Info.plist */,
				0436A29221FB130C0097B804 /* main.m */,
			);
			path = LearnAnimation;
			sourceTree = "<group>";
		};
		0436A29B21FB130C0097B804 /* LearnAnimationTests */ = {
			isa = PBXGroup;
			children = (
				0436A29C21FB130C0097B804 /* LearnAnimationTests.m */,
				0436A29E21FB130C0097B804 /* Info.plist */,
			);
			path = LearnAnimationTests;
			sourceTree = "<group>";
		};
		0436A2A621FB130C0097B804 /* LearnAnimationUITests */ = {
			isa = PBXGroup;
			children = (
				0436A2A721FB130C0097B804 /* LearnAnimationUITests.m */,
				0436A2A921FB130C0097B804 /* Info.plist */,
			);
			path = LearnAnimationUITests;
			sourceTree = "<group>";
		};
		0436A2BB21FB173D0097B804 /* Base */ = {
			isa = PBXGroup;
			children = (
				0436A2BC21FB17580097B804 /* BaseViewController.h */,
				0436A2BD21FB17580097B804 /* BaseViewController.m */,
				0436A2BE21FB17580097B804 /* BaseViewController.xib */,
				0436A2C121FB177C0097B804 /* BaseViewControllerProtocol.h */,
			);
			path = Base;
			sourceTree = "<group>";
		};
		0436A2C221FBF34C0097B804 /* CAAnimation */ = {
			isa = PBXGroup;
			children = (
				0436A2C421FBF3BD0097B804 /* CAPropertyAnimation */,
				0436A2C321FBF3AB0097B804 /* CAAnimationGroup */,
				0436A2C821FBF41E0097B804 /* CATransition */,
			);
			path = CAAnimation;
			sourceTree = "<group>";
		};
		0436A2C321FBF3AB0097B804 /* CAAnimationGroup */ = {
			isa = PBXGroup;
			children = (
				0436A2DE21FC02400097B804 /* CAAnimationGroupViewController.h */,
				0436A2DF21FC02400097B804 /* CAAnimationGroupViewController.m */,
				0436A2E021FC02400097B804 /* CAAnimationGroupViewController.xib */,
			);
			path = CAAnimationGroup;
			sourceTree = "<group>";
		};
		0436A2C421FBF3BD0097B804 /* CAPropertyAnimation */ = {
			isa = PBXGroup;
			children = (
				0436A2C521FBF3DB0097B804 /* CABasicAnimation */,
				0436A2C621FBF3ED0097B804 /* CAKeyFrameAnimation */,
			);
			path = CAPropertyAnimation;
			sourceTree = "<group>";
		};
		0436A2C521FBF3DB0097B804 /* CABasicAnimation */ = {
			isa = PBXGroup;
			children = (
				0436A2CA21FBFF2D0097B804 /* CABasicAnimationViewController.h */,
				0436A2CB21FBFF2D0097B804 /* CABasicAnimationViewController.m */,
				0436A2CC21FBFF2D0097B804 /* CABasicAnimationViewController.xib */,
				0436A2C721FBF4020097B804 /* CASpringAnimation */,
			);
			path = CABasicAnimation;
			sourceTree = "<group>";
		};
		0436A2C621FBF3ED0097B804 /* CAKeyFrameAnimation */ = {
			isa = PBXGroup;
			children = (
				0436A2D421FC020F0097B804 /* CAKeyFrameAnimationViewController.h */,
				0436A2D521FC020F0097B804 /* CAKeyFrameAnimationViewController.m */,
				0436A2D621FC020F0097B804 /* CAKeyFrameAnimationViewController.xib */,
			);
			path = CAKeyFrameAnimation;
			sourceTree = "<group>";
		};
		0436A2C721FBF4020097B804 /* CASpringAnimation */ = {
			isa = PBXGroup;
			children = (
				0436A2CF21FBFF4C0097B804 /* CASpringAnimationViewController.h */,
				0436A2D021FBFF4C0097B804 /* CASpringAnimationViewController.m */,
				0436A2D121FBFF4C0097B804 /* CASpringAnimationViewController.xib */,
			);
			path = CASpringAnimation;
			sourceTree = "<group>";
		};
		0436A2C821FBF41E0097B804 /* CATransition */ = {
			isa = PBXGroup;
			children = (
				0436A2D921FC02260097B804 /* CATrainsitionViewController.h */,
				0436A2DA21FC02260097B804 /* CATrainsitionViewController.m */,
				0436A2DB21FC02260097B804 /* CATrainsitionViewController.xib */,
			);
			path = CATransition;
			sourceTree = "<group>";
		};
		04641A9D221513BB0018B135 /* UIAnimation */ = {
			isa = PBXGroup;
			children = (
				04641A9E221513F80018B135 /* UIAnimationViewController.h */,
				04641A9F221513F80018B135 /* UIAnimationViewController.m */,
				04641AA0221513F80018B135 /* UIAnimationViewController.xib */,
			);
			path = UIAnimation;
			sourceTree = "<group>";
		};
/* End PBXGroup section */

/* Begin PBXNativeTarget section */
		0436A27F21FB13030097B804 /* LearnAnimation */ = {
			isa = PBXNativeTarget;
			buildConfigurationList = 0436A2AC21FB130C0097B804 /* Build configuration list for PBXNativeTarget "LearnAnimation" */;
			buildPhases = (
				0436A27C21FB13030097B804 /* Sources */,
				0436A27D21FB13030097B804 /* Frameworks */,
				0436A27E21FB13030097B804 /* Resources */,
			);
			buildRules = (
			);
			dependencies = (
			);
			name = LearnAnimation;
			productName = LearnAnimation;
			productReference = 0436A28021FB13030097B804 /* LearnAnimation.app */;
			productType = "com.apple.product-type.application";
		};
		0436A29721FB130C0097B804 /* LearnAnimationTests */ = {
			isa = PBXNativeTarget;
			buildConfigurationList = 0436A2AF21FB130C0097B804 /* Build configuration list for PBXNativeTarget "LearnAnimationTests" */;
			buildPhases = (
				0436A29421FB130C0097B804 /* Sources */,
				0436A29521FB130C0097B804 /* Frameworks */,
				0436A29621FB130C0097B804 /* Resources */,
			);
			buildRules = (
			);
			dependencies = (
				0436A29A21FB130C0097B804 /* PBXTargetDependency */,
			);
			name = LearnAnimationTests;
			productName = LearnAnimationTests;
			productReference = 0436A29821FB130C0097B804 /* LearnAnimationTests.xctest */;
			productType = "com.apple.product-type.bundle.unit-test";
		};
		0436A2A221FB130C0097B804 /* LearnAnimationUITests */ = {
			isa = PBXNativeTarget;
			buildConfigurationList = 0436A2B221FB130C0097B804 /* Build configuration list for PBXNativeTarget "LearnAnimationUITests" */;
			buildPhases = (
				0436A29F21FB130C0097B804 /* Sources */,
				0436A2A021FB130C0097B804 /* Frameworks */,
				0436A2A121FB130C0097B804 /* Resources */,
			);
			buildRules = (
			);
			dependencies = (
				0436A2A521FB130C0097B804 /* PBXTargetDependency */,
			);
			name = LearnAnimationUITests;
			productName = LearnAnimationUITests;
			productReference = 0436A2A321FB130C0097B804 /* LearnAnimationUITests.xctest */;
			productType = "com.apple.product-type.bundle.ui-testing";
		};
/* End PBXNativeTarget section */

/* Begin PBXProject section */
		0436A27821FB13030097B804 /* Project object */ = {
			isa = PBXProject;
			attributes = {
				LastUpgradeCheck = 1010;
				ORGANIZATIONNAME = mac;
				TargetAttributes = {
					0436A27F21FB13030097B804 = {
						CreatedOnToolsVersion = 10.1;
					};
					0436A29721FB130C0097B804 = {
						CreatedOnToolsVersion = 10.1;
						TestTargetID = 0436A27F21FB13030097B804;
					};
					0436A2A221FB130C0097B804 = {
						CreatedOnToolsVersion = 10.1;
						TestTargetID = 0436A27F21FB13030097B804;
					};
				};
			};
			buildConfigurationList = 0436A27B21FB13030097B804 /* Build configuration list for PBXProject "LearnAnimation" */;
			compatibilityVersion = "Xcode 9.3";
			developmentRegion = en;
			hasScannedForEncodings = 0;
			knownRegions = (
				en,
				Base,
			);
			mainGroup = 0436A27721FB13030097B804;
			productRefGroup = 0436A28121FB13030097B804 /* Products */;
			projectDirPath = "";
			projectRoot = "";
			targets = (
				0436A27F21FB13030097B804 /* LearnAnimation */,
				0436A29721FB130C0097B804 /* LearnAnimationTests */,
				0436A2A221FB130C0097B804 /* LearnAnimationUITests */,
			);
		};
/* End PBXProject section */

/* Begin PBXResourcesBuildPhase section */
		0436A27E21FB13030097B804 /* Resources */ = {
			isa = PBXResourcesBuildPhase;
			buildActionMask = 2147483647;
			files = (
				0436A2CE21FBFF2D0097B804 /* CABasicAnimationViewController.xib in Resources */,
				04641AA2221513F80018B135 /* UIAnimationViewController.xib in Resources */,
				0436A29021FB130C0097B804 /* LaunchScreen.storyboard in Resources */,
				0436A2C021FB17580097B804 /* BaseViewController.xib in Resources */,
				0436A2D821FC020F0097B804 /* CAKeyFrameAnimationViewController.xib in Resources */,
				0436A28D21FB130C0097B804 /* Assets.xcassets in Resources */,
				0436A2D321FBFF4C0097B804 /* CASpringAnimationViewController.xib in Resources */,
				0436A28B21FB13030097B804 /* Main.storyboard in Resources */,
				0436A2E221FC02400097B804 /* CAAnimationGroupViewController.xib in Resources */,
				0436A2DD21FC02260097B804 /* CATrainsitionViewController.xib in Resources */,
			);
			runOnlyForDeploymentPostprocessing = 0;
		};
		0436A29621FB130C0097B804 /* Resources */ = {
			isa = PBXResourcesBuildPhase;
			buildActionMask = 2147483647;
			files = (
			);
			runOnlyForDeploymentPostprocessing = 0;
		};
		0436A2A121FB130C0097B804 /* Resources */ = {
			isa = PBXResourcesBuildPhase;
			buildActionMask = 2147483647;
			files = (
			);
			runOnlyForDeploymentPostprocessing = 0;
		};
/* End PBXResourcesBuildPhase section */

/* Begin PBXSourcesBuildPhase section */
		0436A27C21FB13030097B804 /* Sources */ = {
			isa = PBXSourcesBuildPhase;
			buildActionMask = 2147483647;
			files = (
				0436A2D221FBFF4C0097B804 /* CASpringAnimationViewController.m in Sources */,
				0436A2CD21FBFF2D0097B804 /* CABasicAnimationViewController.m in Sources */,
				0436A2E121FC02400097B804 /* CAAnimationGroupViewController.m in Sources */,
				0436A28821FB13030097B804 /* ViewController.m in Sources */,
				0436A2BF21FB17580097B804 /* BaseViewController.m in Sources */,
				0436A29321FB130C0097B804 /* main.m in Sources */,
				0436A2D721FC020F0097B804 /* CAKeyFrameAnimationViewController.m in Sources */,
				04641AA1221513F80018B135 /* UIAnimationViewController.m in Sources */,
				0436A28521FB13030097B804 /* AppDelegate.m in Sources */,
				0436A2DC21FC02260097B804 /* CATrainsitionViewController.m in Sources */,
			);
			runOnlyForDeploymentPostprocessing = 0;
		};
		0436A29421FB130C0097B804 /* Sources */ = {
			isa = PBXSourcesBuildPhase;
			buildActionMask = 2147483647;
			files = (
				0436A29D21FB130C0097B804 /* LearnAnimationTests.m in Sources */,
			);
			runOnlyForDeploymentPostprocessing = 0;
		};
		0436A29F21FB130C0097B804 /* Sources */ = {
			isa = PBXSourcesBuildPhase;
			buildActionMask = 2147483647;
			files = (
				0436A2A821FB130C0097B804 /* LearnAnimationUITests.m in Sources */,
			);
			runOnlyForDeploymentPostprocessing = 0;
		};
/* End PBXSourcesBuildPhase section */

/* Begin PBXTargetDependency section */
		0436A29A21FB130C0097B804 /* PBXTargetDependency */ = {
			isa = PBXTargetDependency;
			target = 0436A27F21FB13030097B804 /* LearnAnimation */;
			targetProxy = 0436A29921FB130C0097B804 /* PBXContainerItemProxy */;
		};
		0436A2A521FB130C0097B804 /* PBXTargetDependency */ = {
			isa = PBXTargetDependency;
			target = 0436A27F21FB13030097B804 /* LearnAnimation */;
			targetProxy = 0436A2A421FB130C0097B804 /* PBXContainerItemProxy */;
		};
/* End PBXTargetDependency section */

/* Begin PBXVariantGroup section */
		0436A28921FB13030097B804 /* Main.storyboard */ = {
			isa = PBXVariantGroup;
			children = (
				0436A28A21FB13030097B804 /* Base */,
			);
			name = Main.storyboard;
			sourceTree = "<group>";
		};
		0436A28E21FB130C0097B804 /* LaunchScreen.storyboard */ = {
			isa = PBXVariantGroup;
			children = (
				0436A28F21FB130C0097B804 /* Base */,
			);
			name = LaunchScreen.storyboard;
			sourceTree = "<group>";
		};
/* End PBXVariantGroup section */

/* Begin XCBuildConfiguration section */
		0436A2AA21FB130C0097B804 /* Debug */ = {
			isa = XCBuildConfiguration;
			buildSettings = {
				ALWAYS_SEARCH_USER_PATHS = NO;
				CLANG_ANALYZER_NONNULL = YES;
				CLANG_ANALYZER_NUMBER_OBJECT_CONVERSION = YES_AGGRESSIVE;
				CLANG_CXX_LANGUAGE_STANDARD = "gnu++14";
				CLANG_CXX_LIBRARY = "libc++";
				CLANG_ENABLE_MODULES = YES;
				CLANG_ENABLE_OBJC_ARC = YES;
				CLANG_ENABLE_OBJC_WEAK = YES;
				CLANG_WARN_BLOCK_CAPTURE_AUTORELEASING = YES;
				CLANG_WARN_BOOL_CONVERSION = YES;
				CLANG_WARN_COMMA = YES;
				CLANG_WARN_CONSTANT_CONVERSION = YES;
				CLANG_WARN_DEPRECATED_OBJC_IMPLEMENTATIONS = YES;
				CLANG_WARN_DIRECT_OBJC_ISA_USAGE = YES_ERROR;
				CLANG_WARN_DOCUMENTATION_COMMENTS = YES;
				CLANG_WARN_EMPTY_BODY = YES;
				CLANG_WARN_ENUM_CONVERSION = YES;
				CLANG_WARN_INFINITE_RECURSION = YES;
				CLANG_WARN_INT_CONVERSION = YES;
				CLANG_WARN_NON_LITERAL_NULL_CONVERSION = YES;
				CLANG_WARN_OBJC_IMPLICIT_RETAIN_SELF = YES;
				CLANG_WARN_OBJC_LITERAL_CONVERSION = YES;
				CLANG_WARN_OBJC_ROOT_CLASS = YES_ERROR;
				CLANG_WARN_RANGE_LOOP_ANALYSIS = YES;
				CLANG_WARN_STRICT_PROTOTYPES = YES;
				CLANG_WARN_SUSPICIOUS_MOVE = YES;
				CLANG_WARN_UNGUARDED_AVAILABILITY = YES_AGGRESSIVE;
				CLANG_WARN_UNREACHABLE_CODE = YES;
				CLANG_WARN__DUPLICATE_METHOD_MATCH = YES;
				CODE_SIGN_IDENTITY = "iPhone Developer";
				COPY_PHASE_STRIP = NO;
				DEBUG_INFORMATION_FORMAT = dwarf;
				ENABLE_STRICT_OBJC_MSGSEND = YES;
				ENABLE_TESTABILITY = YES;
				GCC_C_LANGUAGE_STANDARD = gnu11;
				GCC_DYNAMIC_NO_PIC = NO;
				GCC_NO_COMMON_BLOCKS = YES;
				GCC_OPTIMIZATION_LEVEL = 0;
				GCC_PREPROCESSOR_DEFINITIONS = (
					"DEBUG=1",
					"$(inherited)",
				);
				GCC_WARN_64_TO_32_BIT_CONVERSION = YES;
				GCC_WARN_ABOUT_RETURN_TYPE = YES_ERROR;
				GCC_WARN_UNDECLARED_SELECTOR = YES;
				GCC_WARN_UNINITIALIZED_AUTOS = YES_AGGRESSIVE;
				GCC_WARN_UNUSED_FUNCTION = YES;
				GCC_WARN_UNUSED_VARIABLE = YES;
				IPHONEOS_DEPLOYMENT_TARGET = 12.1;
				MTL_ENABLE_DEBUG_INFO = INCLUDE_SOURCE;
				MTL_FAST_MATH = YES;
				ONLY_ACTIVE_ARCH = YES;
				SDKROOT = iphoneos;
			};
			name = Debug;
		};
		0436A2AB21FB130C0097B804 /* Release */ = {
			isa = XCBuildConfiguration;
			buildSettings = {
				ALWAYS_SEARCH_USER_PATHS = NO;
				CLANG_ANALYZER_NONNULL = YES;
				CLANG_ANALYZER_NUMBER_OBJECT_CONVERSION = YES_AGGRESSIVE;
				CLANG_CXX_LANGUAGE_STANDARD = "gnu++14";
				CLANG_CXX_LIBRARY = "libc++";
				CLANG_ENABLE_MODULES = YES;
				CLANG_ENABLE_OBJC_ARC = YES;
				CLANG_ENABLE_OBJC_WEAK = YES;
				CLANG_WARN_BLOCK_CAPTURE_AUTORELEASING = YES;
				CLANG_WARN_BOOL_CONVERSION = YES;
				CLANG_WARN_COMMA = YES;
				CLANG_WARN_CONSTANT_CONVERSION = YES;
				CLANG_WARN_DEPRECATED_OBJC_IMPLEMENTATIONS = YES;
				CLANG_WARN_DIRECT_OBJC_ISA_USAGE = YES_ERROR;
				CLANG_WARN_DOCUMENTATION_COMMENTS = YES;
				CLANG_WARN_EMPTY_BODY = YES;
				CLANG_WARN_ENUM_CONVERSION = YES;
				CLANG_WARN_INFINITE_RECURSION = YES;
				CLANG_WARN_INT_CONVERSION = YES;
				CLANG_WARN_NON_LITERAL_NULL_CONVERSION = YES;
				CLANG_WARN_OBJC_IMPLICIT_RETAIN_SELF = YES;
				CLANG_WARN_OBJC_LITERAL_CONVERSION = YES;
				CLANG_WARN_OBJC_ROOT_CLASS = YES_ERROR;
				CLANG_WARN_RANGE_LOOP_ANALYSIS = YES;
				CLANG_WARN_STRICT_PROTOTYPES = YES;
				CLANG_WARN_SUSPICIOUS_MOVE = YES;
				CLANG_WARN_UNGUARDED_AVAILABILITY = YES_AGGRESSIVE;
				CLANG_WARN_UNREACHABLE_CODE = YES;
				CLANG_WARN__DUPLICATE_METHOD_MATCH = YES;
				CODE_SIGN_IDENTITY = "iPhone Developer";
				COPY_PHASE_STRIP = NO;
				DEBUG_INFORMATION_FORMAT = "dwarf-with-dsym";
				ENABLE_NS_ASSERTIONS = NO;
				ENABLE_STRICT_OBJC_MSGSEND = YES;
				GCC_C_LANGUAGE_STANDARD = gnu11;
				GCC_NO_COMMON_BLOCKS = YES;
				GCC_WARN_64_TO_32_BIT_CONVERSION = YES;
				GCC_WARN_ABOUT_RETURN_TYPE = YES_ERROR;
				GCC_WARN_UNDECLARED_SELECTOR = YES;
				GCC_WARN_UNINITIALIZED_AUTOS = YES_AGGRESSIVE;
				GCC_WARN_UNUSED_FUNCTION = YES;
				GCC_WARN_UNUSED_VARIABLE = YES;
				IPHONEOS_DEPLOYMENT_TARGET = 12.1;
				MTL_ENABLE_DEBUG_INFO = NO;
				MTL_FAST_MATH = YES;
				SDKROOT = iphoneos;
				VALIDATE_PRODUCT = YES;
			};
			name = Release;
		};
		0436A2AD21FB130C0097B804 /* Debug */ = {
			isa = XCBuildConfiguration;
			buildSettings = {
				ASSETCATALOG_COMPILER_APPICON_NAME = AppIcon;
				CODE_SIGN_STYLE = Automatic;
				INFOPLIST_FILE = LearnAnimation/Info.plist;
				LD_RUNPATH_SEARCH_PATHS = (
					"$(inherited)",
					"@executable_path/Frameworks",
				);
				PRODUCT_BUNDLE_IDENTIFIER = com.Lee.LearnAnimation;
				PRODUCT_NAME = "$(TARGET_NAME)";
				TARGETED_DEVICE_FAMILY = "1,2";
			};
			name = Debug;
		};
		0436A2AE21FB130C0097B804 /* Release */ = {
			isa = XCBuildConfiguration;
			buildSettings = {
				ASSETCATALOG_COMPILER_APPICON_NAME = AppIcon;
				CODE_SIGN_STYLE = Automatic;
				INFOPLIST_FILE = LearnAnimation/Info.plist;
				LD_RUNPATH_SEARCH_PATHS = (
					"$(inherited)",
					"@executable_path/Frameworks",
				);
				PRODUCT_BUNDLE_IDENTIFIER = com.Lee.LearnAnimation;
				PRODUCT_NAME = "$(TARGET_NAME)";
				TARGETED_DEVICE_FAMILY = "1,2";
			};
			name = Release;
		};
		0436A2B021FB130C0097B804 /* Debug */ = {
			isa = XCBuildConfiguration;
			buildSettings = {
				BUNDLE_LOADER = "$(TEST_HOST)";
				CODE_SIGN_STYLE = Automatic;
				INFOPLIST_FILE = LearnAnimationTests/Info.plist;
				LD_RUNPATH_SEARCH_PATHS = (
					"$(inherited)",
					"@executable_path/Frameworks",
					"@loader_path/Frameworks",
				);
				PRODUCT_BUNDLE_IDENTIFIER = com.Lee.LearnAnimationTests;
				PRODUCT_NAME = "$(TARGET_NAME)";
				TARGETED_DEVICE_FAMILY = "1,2";
				TEST_HOST = "$(BUILT_PRODUCTS_DIR)/LearnAnimation.app/LearnAnimation";
			};
			name = Debug;
		};
		0436A2B121FB130C0097B804 /* Release */ = {
			isa = XCBuildConfiguration;
			buildSettings = {
				BUNDLE_LOADER = "$(TEST_HOST)";
				CODE_SIGN_STYLE = Automatic;
				INFOPLIST_FILE = LearnAnimationTests/Info.plist;
				LD_RUNPATH_SEARCH_PATHS = (
					"$(inherited)",
					"@executable_path/Frameworks",
					"@loader_path/Frameworks",
				);
				PRODUCT_BUNDLE_IDENTIFIER = com.Lee.LearnAnimationTests;
				PRODUCT_NAME = "$(TARGET_NAME)";
				TARGETED_DEVICE_FAMILY = "1,2";
				TEST_HOST = "$(BUILT_PRODUCTS_DIR)/LearnAnimation.app/LearnAnimation";
			};
			name = Release;
		};
		0436A2B321FB130C0097B804 /* Debug */ = {
			isa = XCBuildConfiguration;
			buildSettings = {
				CODE_SIGN_STYLE = Automatic;
				INFOPLIST_FILE = LearnAnimationUITests/Info.plist;
				LD_RUNPATH_SEARCH_PATHS = (
					"$(inherited)",
					"@executable_path/Frameworks",
					"@loader_path/Frameworks",
				);
				PRODUCT_BUNDLE_IDENTIFIER = com.Lee.LearnAnimationUITests;
				PRODUCT_NAME = "$(TARGET_NAME)";
				TARGETED_DEVICE_FAMILY = "1,2";
				TEST_TARGET_NAME = LearnAnimation;
			};
			name = Debug;
		};
		0436A2B421FB130C0097B804 /* Release */ = {
			isa = XCBuildConfiguration;
			buildSettings = {
				CODE_SIGN_STYLE = Automatic;
				INFOPLIST_FILE = LearnAnimationUITests/Info.plist;
				LD_RUNPATH_SEARCH_PATHS = (
					"$(inherited)",
					"@executable_path/Frameworks",
					"@loader_path/Frameworks",
				);
				PRODUCT_BUNDLE_IDENTIFIER = com.Lee.LearnAnimationUITests;
				PRODUCT_NAME = "$(TARGET_NAME)";
				TARGETED_DEVICE_FAMILY = "1,2";
				TEST_TARGET_NAME = LearnAnimation;
			};
			name = Release;
		};
/* End XCBuildConfiguration section */

/* Begin XCConfigurationList section */
		0436A27B21FB13030097B804 /* Build configuration list for PBXProject "LearnAnimation" */ = {
			isa = XCConfigurationList;
			buildConfigurations = (
				0436A2AA21FB130C0097B804 /* Debug */,
				0436A2AB21FB130C0097B804 /* Release */,
			);
			defaultConfigurationIsVisible = 0;
			defaultConfigurationName = Release;
		};
		0436A2AC21FB130C0097B804 /* Build configuration list for PBXNativeTarget "LearnAnimation" */ = {
			isa = XCConfigurationList;
			buildConfigurations = (
				0436A2AD21FB130C0097B804 /* Debug */,
				0436A2AE21FB130C0097B804 /* Release */,
			);
			defaultConfigurationIsVisible = 0;
			defaultConfigurationName = Release;
		};
		0436A2AF21FB130C0097B804 /* Build configuration list for PBXNativeTarget "LearnAnimationTests" */ = {
			isa = XCConfigurationList;
			buildConfigurations = (
				0436A2B021FB130C0097B804 /* Debug */,
				0436A2B121FB130C0097B804 /* Release */,
			);
			defaultConfigurationIsVisible = 0;
			defaultConfigurationName = Release;
		};
		0436A2B221FB130C0097B804 /* Build configuration list for PBXNativeTarget "LearnAnimationUITests" */ = {
			isa = XCConfigurationList;
			buildConfigurations = (
				0436A2B321FB130C0097B804 /* Debug */,
				0436A2B421FB130C0097B804 /* Release */,
			);
			defaultConfigurationIsVisible = 0;
			defaultConfigurationName = Release;
		};
/* End XCConfigurationList section */
	};
	rootObject = 0436A27821FB13030097B804 /* Project object */;
}
